
Microsoft Visual Studio Solution File, Format Version 12.00
# Visual Studio Version 16
VisualStudioVersion = 16.0.31515.178
MinimumVisualStudioVersion = 10.0.40219.1
Project("{888888A0-9F3D-457C-B088-3A5042F75D52}") = "CIS 261 Temperature Conversions TE", "CIS 261 Temperature Conversions TE.pyproj", "{ECD5E6FE-3181-4EB2-8C9B-350915B493A9}"
EndProject
Global
	GlobalSection(SolutionConfigurationPlatforms) = preSolution
		Debug|Any CPU = Debug|Any CPU
		Release|Any CPU = Release|Any CPU
	EndGlobalSection
	GlobalSection(ProjectConfigurationPlatforms) = postSolution
		{ECD5E6FE-3181-4EB2-8C9B-350915B493A9}.Debug|Any CPU.ActiveCfg = Debug|Any CPU
		{ECD5E6FE-3181-4EB2-8C9B-350915B493A9}.Release|Any CPU.ActiveCfg = Release|Any CPU
	EndGlobalSection
	GlobalSection(SolutionProperties) = preSolution
		HideSolutionNode = FALSE
	EndGlobalSection
	GlobalSection(ExtensibilityGlobals) = postSolution
		SolutionGuid = {D9DC3FA0-CC49-4DD8-891D-4273A8ED0225}
	EndGlobalSection
EndGlobal
